// !$*UTF8*$!
{
	archiveVersion = 1;
	classes = {
	};
	objectVersion = 50;
	objects = {

/* Begin PBXBuildFile section */
		A011DA7A2095F823009DD64E /* ProductListTableViewCell.swift in Sources */ = {isa = PBXBuildFile; fileRef = A011DA792095F823009DD64E /* ProductListTableViewCell.swift */; };
		A011DA7C2096310C009DD64E /* InstructionsViewController.swift in Sources */ = {isa = PBXBuildFile; fileRef = A011DA7B2096310C009DD64E /* InstructionsViewController.swift */; };
		A06E618220959B3E00331BE4 /* AppDelegate.swift in Sources */ = {isa = PBXBuildFile; fileRef = A06E618120959B3E00331BE4 /* AppDelegate.swift */; };
		A06E618420959B3E00331BE4 /* MainListViewController.swift in Sources */ = {isa = PBXBuildFile; fileRef = A06E618320959B3E00331BE4 /* MainListViewController.swift */; };
		A06E618720959B3E00331BE4 /* Main.storyboard in Resources */ = {isa = PBXBuildFile; fileRef = A06E618520959B3E00331BE4 /* Main.storyboard */; };
		A06E618920959B3F00331BE4 /* Assets.xcassets in Resources */ = {isa = PBXBuildFile; fileRef = A06E618820959B3F00331BE4 /* Assets.xcassets */; };
		A06E618C20959B3F00331BE4 /* LaunchScreen.storyboard in Resources */ = {isa = PBXBuildFile; fileRef = A06E618A20959B3F00331BE4 /* LaunchScreen.storyboard */; };
		A06E61942095A49200331BE4 /* ListTableViewController.swift in Sources */ = {isa = PBXBuildFile; fileRef = A06E61932095A49200331BE4 /* ListTableViewController.swift */; };
		A06E61962095ACA200331BE4 /* Info.swift in Sources */ = {isa = PBXBuildFile; fileRef = A06E61952095ACA200331BE4 /* Info.swift */; };
/* End PBXBuildFile section */

/* Begin PBXFileReference section */
		A011DA792095F823009DD64E /* ProductListTableViewCell.swift */ = {isa = PBXFileReference; lastKnownFileType = sourcecode.swift; path = ProductListTableViewCell.swift; sourceTree = "<group>"; };
		A011DA7B2096310C009DD64E /* InstructionsViewController.swift */ = {isa = PBXFileReference; lastKnownFileType = sourcecode.swift; path = InstructionsViewController.swift; sourceTree = "<group>"; };
		A06E617E20959B3E00331BE4 /* DemoDynamicPrototypes.app */ = {isa = PBXFileReference; explicitFileType = wrapper.application; includeInIndex = 0; path = DemoDynamicPrototypes.app; sourceTree = BUILT_PRODUCTS_DIR; };
		A06E618120959B3E00331BE4 /* AppDelegate.swift */ = {isa = PBXFileReference; lastKnownFileType = sourcecode.swift; path = AppDelegate.swift; sourceTree = "<group>"; };
		A06E618320959B3E00331BE4 /* MainListViewController.swift */ = {isa = PBXFileReference; lastKnownFileType = sourcecode.swift; path = MainListViewController.swift; sourceTree = "<group>"; };
		A06E618620959B3E00331BE4 /* Base */ = {isa = PBXFileReference; lastKnownFileType = file.storyboard; name = Base; path = Base.lproj/Main.storyboard; sourceTree = "<group>"; };
		A06E618820959B3F00331BE4 /* Assets.xcassets */ = {isa = PBXFileReference; lastKnownFileType = folder.assetcatalog; path = Assets.xcassets; sourceTree = "<group>"; };
		A06E618B20959B3F00331BE4 /* Base */ = {isa = PBXFileReference; lastKnownFileType = file.storyboard; name = Base; path = Base.lproj/LaunchScreen.storyboard; sourceTree = "<group>"; };
		A06E618D20959B3F00331BE4 /* Info.plist */ = {isa = PBXFileReference; lastKnownFileType = text.plist.xml; path = Info.plist; sourceTree = "<group>"; };
		A06E61932095A49200331BE4 /* ListTableViewController.swift */ = {isa = PBXFileReference; lastKnownFileType = sourcecode.swift; path = ListTableViewController.swift; sourceTree = "<group>"; };
		A06E61952095ACA200331BE4 /* Info.swift */ = {isa = PBXFileReference; lastKnownFileType = sourcecode.swift; path = Info.swift; sourceTree = "<group>"; };
/* End PBXFileReference section */

/* Begin PBXFrameworksBuildPhase section */
		A06E617B20959B3E00331BE4 /* Frameworks */ = {
			isa = PBXFrameworksBuildPhase;
			buildActionMask = 2147483647;
			files = (
			);
			runOnlyForDeploymentPostprocessing = 0;
		};
/* End PBXFrameworksBuildPhase section */

/* Begin PBXGroup section */
		A06E617520959B3E00331BE4 = {
			isa = PBXGroup;
			children = (
				A06E618020959B3E00331BE4 /* DemoDynamicPrototypes */,
				A06E617F20959B3E00331BE4 /* Products */,
			);
			sourceTree = "<group>";
		};
		A06E617F20959B3E00331BE4 /* Products */ = {
			isa = PBXGroup;
			children = (
				A06E617E20959B3E00331BE4 /* DemoDynamicPrototypes.app */,
			);
			name = Products;
			sourceTree = "<group>";
		};
		A06E618020959B3E00331BE4 /* DemoDynamicPrototypes */ = {
			isa = PBXGroup;
			children = (
				A06E618120959B3E00331BE4 /* AppDelegate.swift */,
				A06E618320959B3E00331BE4 /* MainListViewController.swift */,
				A06E618520959B3E00331BE4 /* Main.storyboard */,
				A011DA792095F823009DD64E /* ProductListTableViewCell.swift */,
				A06E618820959B3F00331BE4 /* Assets.xcassets */,
				A06E618A20959B3F00331BE4 /* LaunchScreen.storyboard */,
				A011DA7B2096310C009DD64E /* InstructionsViewController.swift */,
				A06E61932095A49200331BE4 /* ListTableViewController.swift */,
				A06E61952095ACA200331BE4 /* Info.swift */,
				A06E618D20959B3F00331BE4 /* Info.plist */,
			);
			path = DemoDynamicPrototypes;
			sourceTree = "<group>";
		};
/* End PBXGroup section */

/* Begin PBXNativeTarget section */
		A06E617D20959B3E00331BE4 /* DemoDynamicPrototypes */ = {
			isa = PBXNativeTarget;
			buildConfigurationList = A06E619020959B3F00331BE4 /* Build configuration list for PBXNativeTarget "DemoDynamicPrototypes" */;
			buildPhases = (
				A06E617A20959B3E00331BE4 /* Sources */,
				A06E617B20959B3E00331BE4 /* Frameworks */,
				A06E617C20959B3E00331BE4 /* Resources */,
			);
			buildRules = (
			);
			dependencies = (
			);
			name = DemoDynamicPrototypes;
			productName = DemoDynamicPrototypes;
			productReference = A06E617E20959B3E00331BE4 /* DemoDynamicPrototypes.app */;
			productType = "com.apple.product-type.application";
		};
/* End PBXNativeTarget section */

/* Begin PBXProject section */
		A06E617620959B3E00331BE4 /* Project object */ = {
			isa = PBXProject;
			attributes = {
				LastSwiftUpdateCheck = 0930;
				LastUpgradeCheck = 0930;
				ORGANIZATIONNAME = "Chao Shin";
				TargetAttributes = {
					A06E617D20959B3E00331BE4 = {
						CreatedOnToolsVersion = 9.3;
					};
				};
			};
			buildConfigurationList = A06E617920959B3E00331BE4 /* Build configuration list for PBXProject "DemoDynamicPrototypes" */;
			compatibilityVersion = "Xcode 9.3";
			developmentRegion = en;
			hasScannedForEncodings = 0;
			knownRegions = (
				en,
				Base,
			);
			mainGroup = A06E617520959B3E00331BE4;
			productRefGroup = A06E617F20959B3E00331BE4 /* Products */;
			projectDirPath = "";
			projectRoot = "";
			targets = (
				A06E617D20959B3E00331BE4 /* DemoDynamicPrototypes */,
			);
		};
/* End PBXProject section */

/* Begin PBXResourcesBuildPhase section */
		A06E617C20959B3E00331BE4 /* Resources */ = {
			isa = PBXResourcesBuildPhase;
			buildActionMask = 2147483647;
			files = (
				A06E618C20959B3F00331BE4 /* LaunchScreen.storyboard in Resources */,
				A06E618920959B3F00331BE4 /* Assets.xcassets in Resources */,
				A06E618720959B3E00331BE4 /* Main.storyboard in Resources */,
			);
			runOnlyForDeploymentPostprocessing = 0;
		};
/* End PBXResourcesBuildPhase section */

/* Begin PBXSourcesBuildPhase section */
		A06E617A20959B3E00331BE4 /* Sources */ = {
			isa = PBXSourcesBuildPhase;
			buildActionMask = 2147483647;
			files = (
				A011DA7C2096310C009DD64E /* InstructionsViewController.swift in Sources */,
				A06E61942095A49200331BE4 /* ListTableViewController.swift in Sources */,
				A06E61962095ACA200331BE4 /* Info.swift in Sources */,
				A011DA7A2095F823009DD64E /* ProductListTableViewCell.swift in Sources */,
				A06E618420959B3E00331BE4 /* MainListViewController.swift in Sources */,
				A06E618220959B3E00331BE4 /* AppDelegate.swift in Sources */,
			);
			runOnlyForDeploymentPostprocessing = 0;
		};
/* End PBXSourcesBuildPhase section */

/* Begin PBXVariantGroup section */
		A06E618520959B3E00331BE4 /* Main.storyboard */ = {
			isa = PBXVariantGroup;
			children = (
				A06E618620959B3E00331BE4 /* Base */,
			);
			name = Main.storyboard;
			sourceTree = "<group>";
		};
		A06E618A20959B3F00331BE4 /* LaunchScreen.storyboard */ = {
			isa = PBXVariantGroup;
			children = (
				A06E618B20959B3F00331BE4 /* Base */,
			);
			name = LaunchScreen.storyboard;
			sourceTree = "<group>";
		};
/* End PBXVariantGroup section */

/* Begin XCBuildConfiguration section */
		A06E618E20959B3F00331BE4 /* Debug */ = {
			isa = XCBuildConfiguration;
			buildSettings = {
				ALWAYS_SEARCH_USER_PATHS = NO;
				CLANG_ANALYZER_NONNULL = YES;
				CLANG_ANALYZER_NUMBER_OBJECT_CONVERSION = YES_AGGRESSIVE;
				CLANG_CXX_LANGUAGE_STANDARD = "gnu++14";
				CLANG_CXX_LIBRARY = "libc++";
				CLANG_ENABLE_MODULES = YES;
				CLANG_ENABLE_OBJC_ARC = YES;
				CLANG_ENABLE_OBJC_WEAK = YES;
				CLANG_WARN_BLOCK_CAPTURE_AUTORELEASING = YES;
				CLANG_WARN_BOOL_CONVERSION = YES;
				CLANG_WARN_COMMA = YES;
				CLANG_WARN_CONSTANT_CONVERSION = YES;
				CLANG_WARN_DEPRECATED_OBJC_IMPLEMENTATIONS = YES;
				CLANG_WARN_DIRECT_OBJC_ISA_USAGE = YES_ERROR;
				CLANG_WARN_DOCUMENTATION_COMMENTS = YES;
				CLANG_WARN_EMPTY_BODY = YES;
				CLANG_WARN_ENUM_CONVERSION = YES;
				CLANG_WARN_INFINITE_RECURSION = YES;
				CLANG_WARN_INT_CONVERSION = YES;
				CLANG_WARN_NON_LITERAL_NULL_CONVERSION = YES;
				CLANG_WARN_OBJC_IMPLICIT_RETAIN_SELF = YES;
				CLANG_WARN_OBJC_LITERAL_CONVERSION = YES;
				CLANG_WARN_OBJC_ROOT_CLASS = YES_ERROR;
				CLANG_WARN_RANGE_LOOP_ANALYSIS = YES;
				CLANG_WARN_STRICT_PROTOTYPES = YES;
				CLANG_WARN_SUSPICIOUS_MOVE = YES;
				CLANG_WARN_UNGUARDED_AVAILABILITY = YES_AGGRESSIVE;
				CLANG_WARN_UNREACHABLE_CODE = YES;
				CLANG_WARN__DUPLICATE_METHOD_MATCH = YES;
				CODE_SIGN_IDENTITY = "iPhone Developer";
				COPY_PHASE_STRIP = NO;
				DEBUG_INFORMATION_FORMAT = dwarf;
				ENABLE_STRICT_OBJC_MSGSEND = YES;
				ENABLE_TESTABILITY = YES;
				GCC_C_LANGUAGE_STANDARD = gnu11;
				GCC_DYNAMIC_NO_PIC = NO;
				GCC_NO_COMMON_BLOCKS = YES;
				GCC_OPTIMIZATION_LEVEL = 0;
				GCC_PREPROCESSOR_DEFINITIONS = (
					"DEBUG=1",
					"$(inherited)",
				);
				GCC_WARN_64_TO_32_BIT_CONVERSION = YES;
				GCC_WARN_ABOUT_RETURN_TYPE = YES_ERROR;
				GCC_WARN_UNDECLARED_SELECTOR = YES;
				GCC_WARN_UNINITIALIZED_AUTOS = YES_AGGRESSIVE;
				GCC_WARN_UNUSED_FUNCTION = YES;
				GCC_WARN_UNUSED_VARIABLE = YES;
				IPHONEOS_DEPLOYMENT_TARGET = 11.3;
				MTL_ENABLE_DEBUG_INFO = YES;
				ONLY_ACTIVE_ARCH = YES;
				SDKROOT = iphoneos;
				SWIFT_ACTIVE_COMPILATION_CONDITIONS = DEBUG;
				SWIFT_OPTIMIZATION_LEVEL = "-Onone";
			};
			name = Debug;
		};
		A06E618F20959B3F00331BE4 /* Release */ = {
			isa = XCBuildConfiguration;
			buildSettings = {
				ALWAYS_SEARCH_USER_PATHS = NO;
				CLANG_ANALYZER_NONNULL = YES;
				CLANG_ANALYZER_NUMBER_OBJECT_CONVERSION = YES_AGGRESSIVE;
				CLANG_CXX_LANGUAGE_STANDARD = "gnu++14";
				CLANG_CXX_LIBRARY = "libc++";
				CLANG_ENABLE_MODULES = YES;
				CLANG_ENABLE_OBJC_ARC = YES;
				CLANG_ENABLE_OBJC_WEAK = YES;
				CLANG_WARN_BLOCK_CAPTURE_AUTORELEASING = YES;
				CLANG_WARN_BOOL_CONVERSION = YES;
				CLANG_WARN_COMMA = YES;
				CLANG_WARN_CONSTANT_CONVERSION = YES;
				CLANG_WARN_DEPRECATED_OBJC_IMPLEMENTATIONS = YES;
				CLANG_WARN_DIRECT_OBJC_ISA_USAGE = YES_ERROR;
				CLANG_WARN_DOCUMENTATION_COMMENTS = YES;
				CLANG_WARN_EMPTY_BODY = YES;
				CLANG_WARN_ENUM_CONVERSION = YES;
				CLANG_WARN_INFINITE_RECURSION = YES;
				CLANG_WARN_INT_CONVERSION = YES;
				CLANG_WARN_NON_LITERAL_NULL_CONVERSION = YES;
				CLANG_WARN_OBJC_IMPLICIT_RETAIN_SELF = YES;
				CLANG_WARN_OBJC_LITERAL_CONVERSION = YES;
				CLANG_WARN_OBJC_ROOT_CLASS = YES_ERROR;
				CLANG_WARN_RANGE_LOOP_ANALYSIS = YES;
				CLANG_WARN_STRICT_PROTOTYPES = YES;
				CLANG_WARN_SUSPICIOUS_MOVE = YES;
				CLANG_WARN_UNGUARDED_AVAILABILITY = YES_AGGRESSIVE;
				CLANG_WARN_UNREACHABLE_CODE = YES;
				CLANG_WARN__DUPLICATE_METHOD_MATCH = YES;
				CODE_SIGN_IDENTITY = "iPhone Developer";
				COPY_PHASE_STRIP = NO;
				DEBUG_INFORMATION_FORMAT = "dwarf-with-dsym";
				ENABLE_NS_ASSERTIONS = NO;
				ENABLE_STRICT_OBJC_MSGSEND = YES;
				GCC_C_LANGUAGE_STANDARD = gnu11;
				GCC_NO_COMMON_BLOCKS = YES;
				GCC_WARN_64_TO_32_BIT_CONVERSION = YES;
				GCC_WARN_ABOUT_RETURN_TYPE = YES_ERROR;
				GCC_WARN_UNDECLARED_SELECTOR = YES;
				GCC_WARN_UNINITIALIZED_AUTOS = YES_AGGRESSIVE;
				GCC_WARN_UNUSED_FUNCTION = YES;
				GCC_WARN_UNUSED_VARIABLE = YES;
				IPHONEOS_DEPLOYMENT_TARGET = 11.3;
				MTL_ENABLE_DEBUG_INFO = NO;
				SDKROOT = iphoneos;
				SWIFT_COMPILATION_MODE = wholemodule;
				SWIFT_OPTIMIZATION_LEVEL = "-O";
				VALIDATE_PRODUCT = YES;
			};
			name = Release;
		};
		A06E619120959B3F00331BE4 /* Debug */ = {
			isa = XCBuildConfiguration;
			buildSettings = {
				ASSETCATALOG_COMPILER_APPICON_NAME = AppIcon;
				CODE_SIGN_STYLE = Automatic;
				INFOPLIST_FILE = DemoDynamicPrototypes/Info.plist;
				LD_RUNPATH_SEARCH_PATHS = (
					"$(inherited)",
					"@executable_path/Frameworks",
				);
				PRODUCT_BUNDLE_IDENTIFIER = "Dreams-Come-True.DemoDynamicPrototypes";
				PRODUCT_NAME = "$(TARGET_NAME)";
				SWIFT_VERSION = 4.0;
				TARGETED_DEVICE_FAMILY = "1,2";
			};
			name = Debug;
		};
		A06E619220959B3F00331BE4 /* Release */ = {
			isa = XCBuildConfiguration;
			buildSettings = {
				ASSETCATALOG_COMPILER_APPICON_NAME = AppIcon;
				CODE_SIGN_STYLE = Automatic;
				INFOPLIST_FILE = DemoDynamicPrototypes/Info.plist;
				LD_RUNPATH_SEARCH_PATHS = (
					"$(inherited)",
					"@executable_path/Frameworks",
				);
				PRODUCT_BUNDLE_IDENTIFIER = "Dreams-Come-True.DemoDynamicPrototypes";
				PRODUCT_NAME = "$(TARGET_NAME)";
				SWIFT_VERSION = 4.0;
				TARGETED_DEVICE_FAMILY = "1,2";
			};
			name = Release;
		};
/* End XCBuildConfiguration section */

/* Begin XCConfigurationList section */
		A06E617920959B3E00331BE4 /* Build configuration list for PBXProject "DemoDynamicPrototypes" */ = {
			isa = XCConfigurationList;
			buildConfigurations = (
				A06E618E20959B3F00331BE4 /* Debug */,
				A06E618F20959B3F00331BE4 /* Release */,
			);
			defaultConfigurationIsVisible = 0;
			defaultConfigurationName = Release;
		};
		A06E619020959B3F00331BE4 /* Build configuration list for PBXNativeTarget "DemoDynamicPrototypes" */ = {
			isa = XCConfigurationList;
			buildConfigurations = (
				A06E619120959B3F00331BE4 /* Debug */,
				A06E619220959B3F00331BE4 /* Release */,
			);
			defaultConfigurationIsVisible = 0;
			defaultConfigurationName = Release;
		};
/* End XCConfigurationList section */
	};
	rootObject = A06E617620959B3E00331BE4 /* Project object */;
}
